
Microsoft Visual Studio Solution File, Format Version 12.00
# Visual Studio Version 17
VisualStudioVersion = 17.14.36811.4
MinimumVisualStudioVersion = 10.0.40219.1
Project("{FAE04EC0-301F-11D3-BF4B-00C04F79EFBC}") = "MTXEditorIO", "MTXEditorIO\MTXEditorIO.csproj", "{A3AC977C-339C-4841-B704-16151B226164}"
EndProject
Project("{FAE04EC0-301F-11D3-BF4B-00C04F79EFBC}") = "Test", "Test\Test.csproj", "{0C2F4788-B1D1-4325-A6A5-53634A14192A}"
EndProject
Project("{FAE04EC0-301F-11D3-BF4B-00C04F79EFBC}") = "Ps2TexToPng", "Ps2TexToPng\Ps2TexToPng.csproj", "{8A5E9E61-CBCB-43C4-83A5-3017D6D19BEA}"
EndProject
Project("{FAE04EC0-301F-11D3-BF4B-00C04F79EFBC}") = "ToTex", "ToTex\ToTex.csproj", "{AF87B7AE-0523-4F70-B983-7AB1254D5DCB}"
EndProject
Project("{FAE04EC0-301F-11D3-BF4B-00C04F79EFBC}") = "TexToPng", "TexToPng\TexToPng.csproj", "{49014059-824E-4A07-ABC9-24E730EC4C3A}"
EndProject
Project("{FAE04EC0-301F-11D3-BF4B-00C04F79EFBC}") = "UnpackPre", "UnpackPre\UnpackPre.csproj", "{F36FBF95-FA0E-4CF8-80A3-165926CF8017}"
EndProject
Project("{FAE04EC0-301F-11D3-BF4B-00C04F79EFBC}") = "PackPre", "PackPre\PackPre.csproj", "{924D3DF5-1FA6-4CE2-AC83-195FC79AA859}"
EndProject
Global
	GlobalSection(SolutionConfigurationPlatforms) = preSolution
		Debug|Any CPU = Debug|Any CPU
		Release|Any CPU = Release|Any CPU
	EndGlobalSection
	GlobalSection(ProjectConfigurationPlatforms) = postSolution
		{A3AC977C-339C-4841-B704-16151B226164}.Debug|Any CPU.ActiveCfg = Debug|Any CPU
		{A3AC977C-339C-4841-B704-16151B226164}.Debug|Any CPU.Build.0 = Debug|Any CPU
		{A3AC977C-339C-4841-B704-16151B226164}.Release|Any CPU.ActiveCfg = Release|Any CPU
		{A3AC977C-339C-4841-B704-16151B226164}.Release|Any CPU.Build.0 = Release|Any CPU
		{0C2F4788-B1D1-4325-A6A5-53634A14192A}.Debug|Any CPU.ActiveCfg = Debug|Any CPU
		{0C2F4788-B1D1-4325-A6A5-53634A14192A}.Debug|Any CPU.Build.0 = Debug|Any CPU
		{0C2F4788-B1D1-4325-A6A5-53634A14192A}.Release|Any CPU.ActiveCfg = Release|Any CPU
		{0C2F4788-B1D1-4325-A6A5-53634A14192A}.Release|Any CPU.Build.0 = Release|Any CPU
		{8A5E9E61-CBCB-43C4-83A5-3017D6D19BEA}.Debug|Any CPU.ActiveCfg = Debug|Any CPU
		{8A5E9E61-CBCB-43C4-83A5-3017D6D19BEA}.Debug|Any CPU.Build.0 = Debug|Any CPU
		{8A5E9E61-CBCB-43C4-83A5-3017D6D19BEA}.Release|Any CPU.ActiveCfg = Release|Any CPU
		{8A5E9E61-CBCB-43C4-83A5-3017D6D19BEA}.Release|Any CPU.Build.0 = Release|Any CPU
		{AF87B7AE-0523-4F70-B983-7AB1254D5DCB}.Debug|Any CPU.ActiveCfg = Debug|Any CPU
		{AF87B7AE-0523-4F70-B983-7AB1254D5DCB}.Debug|Any CPU.Build.0 = Debug|Any CPU
		{AF87B7AE-0523-4F70-B983-7AB1254D5DCB}.Release|Any CPU.ActiveCfg = Release|Any CPU
		{AF87B7AE-0523-4F70-B983-7AB1254D5DCB}.Release|Any CPU.Build.0 = Release|Any CPU
		{49014059-824E-4A07-ABC9-24E730EC4C3A}.Debug|Any CPU.ActiveCfg = Debug|Any CPU
		{49014059-824E-4A07-ABC9-24E730EC4C3A}.Debug|Any CPU.Build.0 = Debug|Any CPU
		{49014059-824E-4A07-ABC9-24E730EC4C3A}.Release|Any CPU.ActiveCfg = Release|Any CPU
		{49014059-824E-4A07-ABC9-24E730EC4C3A}.Release|Any CPU.Build.0 = Release|Any CPU
		{F36FBF95-FA0E-4CF8-80A3-165926CF8017}.Debug|Any CPU.ActiveCfg = Debug|Any CPU
		{F36FBF95-FA0E-4CF8-80A3-165926CF8017}.Debug|Any CPU.Build.0 = Debug|Any CPU
		{F36FBF95-FA0E-4CF8-80A3-165926CF8017}.Release|Any CPU.ActiveCfg = Release|Any CPU
		{F36FBF95-FA0E-4CF8-80A3-165926CF8017}.Release|Any CPU.Build.0 = Release|Any CPU
		{924D3DF5-1FA6-4CE2-AC83-195FC79AA859}.Debug|Any CPU.ActiveCfg = Debug|Any CPU
		{924D3DF5-1FA6-4CE2-AC83-195FC79AA859}.Debug|Any CPU.Build.0 = Debug|Any CPU
		{924D3DF5-1FA6-4CE2-AC83-195FC79AA859}.Release|Any CPU.ActiveCfg = Release|Any CPU
		{924D3DF5-1FA6-4CE2-AC83-195FC79AA859}.Release|Any CPU.Build.0 = Release|Any CPU
	EndGlobalSection
	GlobalSection(SolutionProperties) = preSolution
		HideSolutionNode = FALSE
	EndGlobalSection
	GlobalSection(ExtensibilityGlobals) = postSolution
		SolutionGuid = {78D1F7AA-4E87-4D38-9D3B-3389974DC5A2}
	EndGlobalSection
EndGlobal
